{
  "name": "Google-Cast",
  "version": "2.1.0",
  "lockfileVersion": 1,
  "requires": true,
  "dependencies": {
    "python-shell": {
      "version": "0.4.0",
      "resolved": "https://registry.npmjs.org/python-shell/-/python-shell-0.4.0.tgz",
      "integrity": "sha512-1Ys9FWe0JtA8YSj3F+hU4iVyiRpUVQRNKrGUYCHc7GEnHKJGHEyThrEoHJcdINrdTRwFjvM/nHQv8MpVla0i3w=="
    }
  }
}
